
Microsoft Visual Studio Solution File, Format Version 12.00
# Visual Studio Version 17
VisualStudioVersion = 17.5.33502.453
MinimumVisualStudioVersion = 10.0.40219.1
Project("{9A19103F-16F7-4668-BE54-9A1E7A4F7556}") = "OpenGptChat", "OpenGptChat\OpenGptChat.csproj", "{B1C41956-C1C8-4B45-A9FC-8E329093D5F4}"
EndProject
Project("{2150E333-8FDC-42A3-9474-1A3956D46DE8}") = "Solution Items", "Solution Items", "{ED3DC91F-6239-4D51-9229-FA2B49A7FA11}"
	ProjectSection(SolutionItems) = preProject
		README.md = README.md
	EndProjectSection
EndProject
Global
	GlobalSection(SolutionConfigurationPlatforms) = preSolution
		Debug|Any CPU = Debug|Any CPU
		Release_Signed|Any CPU = Release_Signed|Any CPU
		Release|Any CPU = Release|Any CPU
	EndGlobalSection
	GlobalSection(ProjectConfigurationPlatforms) = postSolution
		{B1C41956-C1C8-4B45-A9FC-8E329093D5F4}.Debug|Any CPU.ActiveCfg = Debug|Any CPU
		{B1C41956-C1C8-4B45-A9FC-8E329093D5F4}.Debug|Any CPU.Build.0 = Debug|Any CPU
		{B1C41956-C1C8-4B45-A9FC-8E329093D5F4}.Release_Signed|Any CPU.ActiveCfg = Release|Any CPU
		{B1C41956-C1C8-4B45-A9FC-8E329093D5F4}.Release_Signed|Any CPU.Build.0 = Release|Any CPU
		{B1C41956-C1C8-4B45-A9FC-8E329093D5F4}.Release|Any CPU.ActiveCfg = Release|Any CPU
		{B1C41956-C1C8-4B45-A9FC-8E329093D5F4}.Release|Any CPU.Build.0 = Release|Any CPU
	EndGlobalSection
	GlobalSection(SolutionProperties) = preSolution
		HideSolutionNode = FALSE
	EndGlobalSection
	GlobalSection(ExtensibilityGlobals) = postSolution
		SolutionGuid = {031AB569-072D-4227-808A-43857DE56092}
	EndGlobalSection
EndGlobal
